
Microsoft Visual Studio Solution File, Format Version 12.00
# Visual Studio Version 17
VisualStudioVersion = 17.3.32819.101
MinimumVisualStudioVersion = 10.0.40219.1
Project("{2150E333-8FDC-42A3-9474-1A3956D46DE8}") = "Services", "Services", "{DB8CEFB0-D9B3-4D44-A06A-673586B072AD}"
EndProject
Project("{2150E333-8FDC-42A3-9474-1A3956D46DE8}") = "Catalog", "Catalog", "{12C5154A-C304-46E4-823E-1FDC26FCC294}"
EndProject
Project("{9A19103F-16F7-4668-BE54-9A1E7A4F7556}") = "FreeCourse.Services.Catalog", "Services\Catalog\FreeCourse.Services.Catalog\FreeCourse.Services.Catalog.csproj", "{A7C18DC7-5492-4574-82A5-9F26AB2124BC}"
EndProject
Project("{2150E333-8FDC-42A3-9474-1A3956D46DE8}") = "Solution Items", "Solution Items", "{F56A02CA-1AD7-4A06-AA28-EB1B16C52628}"
	ProjectSection(SolutionItems) = preProject
		Ports.txt = Ports.txt
	EndProjectSection
EndProject
Project("{2150E333-8FDC-42A3-9474-1A3956D46DE8}") = "Shared", "Shared", "{68D65960-5DA7-450D-BB39-443BCBB43F80}"
EndProject
Project("{9A19103F-16F7-4668-BE54-9A1E7A4F7556}") = "FreeCourse.Shared", "Shared\FreeCourse.Shared\FreeCourse.Shared.csproj", "{9A9D3C7E-5FC1-4484-91AE-E6EB1746E93A}"
EndProject
Project("{2150E333-8FDC-42A3-9474-1A3956D46DE8}") = "IdentityServer", "IdentityServer", "{AE6D9F74-D19D-4823-AB93-F59E80ABC5E0}"
EndProject
Project("{9A19103F-16F7-4668-BE54-9A1E7A4F7556}") = "FreeCourse.IdentityServer", "IdentityServer\FreeCourse.IdentityServer\FreeCourse.IdentityServer.csproj", "{F3D58916-8040-4683-AC02-1F6354CFD414}"
EndProject
Project("{2150E333-8FDC-42A3-9474-1A3956D46DE8}") = "PhotoStock", "PhotoStock", "{1C571600-21AF-485F-9ACA-584332E5DC79}"
EndProject
Project("{9A19103F-16F7-4668-BE54-9A1E7A4F7556}") = "FreeCourse.Services.PhotoStock", "Services\PhotoStock\FreeCourse.Services.PhotoStock\FreeCourse.Services.PhotoStock.csproj", "{EA822A99-F546-41A3-BFC7-1C41CFA8B0DC}"
EndProject
Project("{2150E333-8FDC-42A3-9474-1A3956D46DE8}") = "Basket", "Basket", "{33F5B954-7C40-474E-96C4-B8C2FFEA540A}"
EndProject
Project("{9A19103F-16F7-4668-BE54-9A1E7A4F7556}") = "FreeCourse.Services.Basket", "Services\Basket\FreeCourse.Services.Basket\FreeCourse.Services.Basket.csproj", "{A3029154-DC0E-46B7-AD11-FD5126C1965E}"
EndProject
Project("{2150E333-8FDC-42A3-9474-1A3956D46DE8}") = "Discount", "Discount", "{414647C7-9BEC-48F6-9976-4BC66899FEF1}"
EndProject
Project("{FAE04EC0-301F-11D3-BF4B-00C04F79EFBC}") = "FreeCourse.Services.Discount", "Services\Discount\FreeCourse.Services.Discount\FreeCourse.Services.Discount.csproj", "{6D3885D0-72F9-4E2F-A004-AA9F2CB5AC1B}"
EndProject
Global
	GlobalSection(SolutionConfigurationPlatforms) = preSolution
		Debug|Any CPU = Debug|Any CPU
		Release|Any CPU = Release|Any CPU
	EndGlobalSection
	GlobalSection(ProjectConfigurationPlatforms) = postSolution
		{A7C18DC7-5492-4574-82A5-9F26AB2124BC}.Debug|Any CPU.ActiveCfg = Debug|Any CPU
		{A7C18DC7-5492-4574-82A5-9F26AB2124BC}.Debug|Any CPU.Build.0 = Debug|Any CPU
		{A7C18DC7-5492-4574-82A5-9F26AB2124BC}.Release|Any CPU.ActiveCfg = Release|Any CPU
		{A7C18DC7-5492-4574-82A5-9F26AB2124BC}.Release|Any CPU.Build.0 = Release|Any CPU
		{9A9D3C7E-5FC1-4484-91AE-E6EB1746E93A}.Debug|Any CPU.ActiveCfg = Debug|Any CPU
		{9A9D3C7E-5FC1-4484-91AE-E6EB1746E93A}.Debug|Any CPU.Build.0 = Debug|Any CPU
		{9A9D3C7E-5FC1-4484-91AE-E6EB1746E93A}.Release|Any CPU.ActiveCfg = Release|Any CPU
		{9A9D3C7E-5FC1-4484-91AE-E6EB1746E93A}.Release|Any CPU.Build.0 = Release|Any CPU
		{F3D58916-8040-4683-AC02-1F6354CFD414}.Debug|Any CPU.ActiveCfg = Debug|Any CPU
		{F3D58916-8040-4683-AC02-1F6354CFD414}.Debug|Any CPU.Build.0 = Debug|Any CPU
		{F3D58916-8040-4683-AC02-1F6354CFD414}.Release|Any CPU.ActiveCfg = Release|Any CPU
		{F3D58916-8040-4683-AC02-1F6354CFD414}.Release|Any CPU.Build.0 = Release|Any CPU
		{EA822A99-F546-41A3-BFC7-1C41CFA8B0DC}.Debug|Any CPU.ActiveCfg = Debug|Any CPU
		{EA822A99-F546-41A3-BFC7-1C41CFA8B0DC}.Debug|Any CPU.Build.0 = Debug|Any CPU
		{EA822A99-F546-41A3-BFC7-1C41CFA8B0DC}.Release|Any CPU.ActiveCfg = Release|Any CPU
		{EA822A99-F546-41A3-BFC7-1C41CFA8B0DC}.Release|Any CPU.Build.0 = Release|Any CPU
		{A3029154-DC0E-46B7-AD11-FD5126C1965E}.Debug|Any CPU.ActiveCfg = Debug|Any CPU
		{A3029154-DC0E-46B7-AD11-FD5126C1965E}.Debug|Any CPU.Build.0 = Debug|Any CPU
		{A3029154-DC0E-46B7-AD11-FD5126C1965E}.Release|Any CPU.ActiveCfg = Release|Any CPU
		{A3029154-DC0E-46B7-AD11-FD5126C1965E}.Release|Any CPU.Build.0 = Release|Any CPU
		{6D3885D0-72F9-4E2F-A004-AA9F2CB5AC1B}.Debug|Any CPU.ActiveCfg = Debug|Any CPU
		{6D3885D0-72F9-4E2F-A004-AA9F2CB5AC1B}.Debug|Any CPU.Build.0 = Debug|Any CPU
		{6D3885D0-72F9-4E2F-A004-AA9F2CB5AC1B}.Release|Any CPU.ActiveCfg = Release|Any CPU
		{6D3885D0-72F9-4E2F-A004-AA9F2CB5AC1B}.Release|Any CPU.Build.0 = Release|Any CPU
	EndGlobalSection
	GlobalSection(SolutionProperties) = preSolution
		HideSolutionNode = FALSE
	EndGlobalSection
	GlobalSection(NestedProjects) = preSolution
		{12C5154A-C304-46E4-823E-1FDC26FCC294} = {DB8CEFB0-D9B3-4D44-A06A-673586B072AD}
		{A7C18DC7-5492-4574-82A5-9F26AB2124BC} = {12C5154A-C304-46E4-823E-1FDC26FCC294}
		{9A9D3C7E-5FC1-4484-91AE-E6EB1746E93A} = {68D65960-5DA7-450D-BB39-443BCBB43F80}
		{F3D58916-8040-4683-AC02-1F6354CFD414} = {AE6D9F74-D19D-4823-AB93-F59E80ABC5E0}
		{1C571600-21AF-485F-9ACA-584332E5DC79} = {DB8CEFB0-D9B3-4D44-A06A-673586B072AD}
		{EA822A99-F546-41A3-BFC7-1C41CFA8B0DC} = {1C571600-21AF-485F-9ACA-584332E5DC79}
		{33F5B954-7C40-474E-96C4-B8C2FFEA540A} = {DB8CEFB0-D9B3-4D44-A06A-673586B072AD}
		{A3029154-DC0E-46B7-AD11-FD5126C1965E} = {33F5B954-7C40-474E-96C4-B8C2FFEA540A}
		{414647C7-9BEC-48F6-9976-4BC66899FEF1} = {DB8CEFB0-D9B3-4D44-A06A-673586B072AD}
		{6D3885D0-72F9-4E2F-A004-AA9F2CB5AC1B} = {414647C7-9BEC-48F6-9976-4BC66899FEF1}
	EndGlobalSection
	GlobalSection(ExtensibilityGlobals) = postSolution
		SolutionGuid = {5EE36ED4-7A66-4D05-8D8C-DA2DA86B0664}
	EndGlobalSection
EndGlobal
